{
  "version": 4,
  "terraform_version": "1.8.4",
  "serial": 12,
  "lineage": "2c674fde-8f4c-df2e-c8c0-2ea16451682c",
  "outputs": {},
  "resources": [
    {
      "mode": "managed",
      "type": "google_kms_crypto_key",
      "name": "storage_bucket",
      "provider": "provider[\"registry.terraform.io/hashicorp/google\"]",
      "instances": [
        {
          "schema_version": 1,
          "attributes": {
            "destroy_scheduled_duration": "2592000s",
            "id": "projects/dev-pitlor-test-homelab/locations/us-central1/keyRings/storage-encryption-key-ring/cryptoKeys/storage-encryption-key",
            "import_only": false,
            "key_ring": "projects/dev-pitlor-test-homelab/locations/us-central1/keyRings/storage-encryption-key-ring",
            "labels": {},
            "name": "storage-encryption-key",
            "purpose": "ENCRYPT_DECRYPT",
            "rotation_period": "86400s",
            "skip_initial_version_creation": false,
            "timeouts": null,
            "version_template": [
              {
                "algorithm": "GOOGLE_SYMMETRIC_ENCRYPTION",
                "protection_level": "SOFTWARE"
              }
            ]
          },
          "sensitive_attributes": [],
          "private": "eyJlMmJmYjczMC1lY2FhLTExZTYtOGY4OC0zNDM2M2JjN2M0YzAiOnsiY3JlYXRlIjoxMjAwMDAwMDAwMDAwLCJkZWxldGUiOjEyMDAwMDAwMDAwMDAsInVwZGF0ZSI6MTIwMDAwMDAwMDAwMH0sInNjaGVtYV92ZXJzaW9uIjoiMSJ9",
          "dependencies": [
            "google_kms_key_ring.storage_bucket"
          ]
        }
      ]
    },
    {
      "mode": "managed",
      "type": "google_kms_crypto_key_iam_member",
      "name": "service_account",
      "provider": "provider[\"registry.terraform.io/hashicorp/google\"]",
      "instances": [
        {
          "schema_version": 0,
          "attributes": {
            "condition": [],
            "crypto_key_id": "projects/dev-pitlor-test-homelab/locations/us-central1/keyRings/storage-encryption-key-ring/cryptoKeys/storage-encryption-key",
            "etag": "BwYZ7LFpt80=",
            "id": "projects/dev-pitlor-test-homelab/locations/us-central1/keyRings/storage-encryption-key-ring/cryptoKeys/storage-encryption-key/roles/cloudkms.cryptoKeyEncrypter/serviceAccount:terraform@dev-pitlor-test-homelab.iam.gserviceaccount.com",
            "member": "serviceAccount:terraform@dev-pitlor-test-homelab.iam.gserviceaccount.com",
            "role": "roles/cloudkms.cryptoKeyEncrypter"
          },
          "sensitive_attributes": [],
          "private": "bnVsbA==",
          "dependencies": [
            "google_kms_crypto_key.storage_bucket",
            "google_kms_key_ring.storage_bucket"
          ]
        }
      ]
    },
    {
      "mode": "managed",
      "type": "google_kms_key_ring",
      "name": "storage_bucket",
      "provider": "provider[\"registry.terraform.io/hashicorp/google\"]",
      "instances": [
        {
          "schema_version": 0,
          "attributes": {
            "id": "projects/dev-pitlor-test-homelab/locations/us-central1/keyRings/storage-encryption-key-ring",
            "location": "us-central1",
            "name": "storage-encryption-key-ring",
            "project": "dev-pitlor-test-homelab",
            "timeouts": {
              "create": null,
              "delete": null
            }
          },
          "sensitive_attributes": [],
          "private": "eyJlMmJmYjczMC1lY2FhLTExZTYtOGY4OC0zNDM2M2JjN2M0YzAiOnsiY3JlYXRlIjoxMjAwMDAwMDAwMDAwLCJkZWxldGUiOjEyMDAwMDAwMDAwMDB9LCJzY2hlbWFfdmVyc2lvbiI6IjAifQ=="
        }
      ]
    }
  ],
  "check_results": null
}
